// !$*UTF8*$!
{
	archiveVersion = 1;
	classes = {
	};
	objectVersion = 50;
	objects = {

/* Begin PBXBuildFile section */
		897F63E725F3064A006B69E8 /* FructusApp.swift in Sources */ = {isa = PBXBuildFile; fileRef = 897F63E625F3064A006B69E8 /* FructusApp.swift */; };
		897F63E925F3064A006B69E8 /* ContentView.swift in Sources */ = {isa = PBXBuildFile; fileRef = 897F63E825F3064A006B69E8 /* ContentView.swift */; };
		897F63EB25F3064B006B69E8 /* Assets.xcassets in Resources */ = {isa = PBXBuildFile; fileRef = 897F63EA25F3064B006B69E8 /* Assets.xcassets */; };
		897F63EE25F3064B006B69E8 /* Preview Assets.xcassets in Resources */ = {isa = PBXBuildFile; fileRef = 897F63ED25F3064B006B69E8 /* Preview Assets.xcassets */; };
		897F63FB25F30EA2006B69E8 /* FruitCardView.swift in Sources */ = {isa = PBXBuildFile; fileRef = 897F63FA25F30EA2006B69E8 /* FruitCardView.swift */; };
		89ABD29025F32DE900C6B299 /* StartButtonView.swift in Sources */ = {isa = PBXBuildFile; fileRef = 89ABD28F25F32DE900C6B299 /* StartButtonView.swift */; };
		89ABD29325F3381900C6B299 /* OnboardingView.swift in Sources */ = {isa = PBXBuildFile; fileRef = 89ABD29225F3381900C6B299 /* OnboardingView.swift */; };
		89ABD29925F4169100C6B299 /* FruitModel.swift in Sources */ = {isa = PBXBuildFile; fileRef = 89ABD29825F4169100C6B299 /* FruitModel.swift */; };
		89ABD29E25F417FC00C6B299 /* FruitData.swift in Sources */ = {isa = PBXBuildFile; fileRef = 89ABD29D25F417FC00C6B299 /* FruitData.swift */; };
/* End PBXBuildFile section */

/* Begin PBXFileReference section */
		897F63E325F3064A006B69E8 /* Fructus.app */ = {isa = PBXFileReference; explicitFileType = wrapper.application; includeInIndex = 0; path = Fructus.app; sourceTree = BUILT_PRODUCTS_DIR; };
		897F63E625F3064A006B69E8 /* FructusApp.swift */ = {isa = PBXFileReference; lastKnownFileType = sourcecode.swift; path = FructusApp.swift; sourceTree = "<group>"; };
		897F63E825F3064A006B69E8 /* ContentView.swift */ = {isa = PBXFileReference; lastKnownFileType = sourcecode.swift; path = ContentView.swift; sourceTree = "<group>"; };
		897F63EA25F3064B006B69E8 /* Assets.xcassets */ = {isa = PBXFileReference; lastKnownFileType = folder.assetcatalog; path = Assets.xcassets; sourceTree = "<group>"; };
		897F63ED25F3064B006B69E8 /* Preview Assets.xcassets */ = {isa = PBXFileReference; lastKnownFileType = folder.assetcatalog; path = "Preview Assets.xcassets"; sourceTree = "<group>"; };
		897F63EF25F3064B006B69E8 /* Info.plist */ = {isa = PBXFileReference; lastKnownFileType = text.plist.xml; path = Info.plist; sourceTree = "<group>"; };
		897F63FA25F30EA2006B69E8 /* FruitCardView.swift */ = {isa = PBXFileReference; lastKnownFileType = sourcecode.swift; path = FruitCardView.swift; sourceTree = "<group>"; };
		89ABD28F25F32DE900C6B299 /* StartButtonView.swift */ = {isa = PBXFileReference; lastKnownFileType = sourcecode.swift; path = StartButtonView.swift; sourceTree = "<group>"; };
		89ABD29225F3381900C6B299 /* OnboardingView.swift */ = {isa = PBXFileReference; lastKnownFileType = sourcecode.swift; path = OnboardingView.swift; sourceTree = "<group>"; };
		89ABD29825F4169100C6B299 /* FruitModel.swift */ = {isa = PBXFileReference; lastKnownFileType = sourcecode.swift; path = FruitModel.swift; sourceTree = "<group>"; };
		89ABD29D25F417FC00C6B299 /* FruitData.swift */ = {isa = PBXFileReference; lastKnownFileType = sourcecode.swift; path = FruitData.swift; sourceTree = "<group>"; };
/* End PBXFileReference section */

/* Begin PBXFrameworksBuildPhase section */
		897F63E025F3064A006B69E8 /* Frameworks */ = {
			isa = PBXFrameworksBuildPhase;
			buildActionMask = 2147483647;
			files = (
			);
			runOnlyForDeploymentPostprocessing = 0;
		};
/* End PBXFrameworksBuildPhase section */

/* Begin PBXGroup section */
		897F63DA25F3064A006B69E8 = {
			isa = PBXGroup;
			children = (
				897F63E525F3064A006B69E8 /* Fructus */,
				897F63E425F3064A006B69E8 /* Products */,
			);
			sourceTree = "<group>";
		};
		897F63E425F3064A006B69E8 /* Products */ = {
			isa = PBXGroup;
			children = (
				897F63E325F3064A006B69E8 /* Fructus.app */,
			);
			name = Products;
			sourceTree = "<group>";
		};
		897F63E525F3064A006B69E8 /* Fructus */ = {
			isa = PBXGroup;
			children = (
				89ABD29C25F417DD00C6B299 /* Data */,
				89ABD29725F4167700C6B299 /* Model */,
				897F63F925F30E69006B69E8 /* View */,
				897F63F725F30E3C006B69E8 /* App */,
				897F63EA25F3064B006B69E8 /* Assets.xcassets */,
				897F63EF25F3064B006B69E8 /* Info.plist */,
				897F63EC25F3064B006B69E8 /* Preview Content */,
			);
			path = Fructus;
			sourceTree = "<group>";
		};
		897F63EC25F3064B006B69E8 /* Preview Content */ = {
			isa = PBXGroup;
			children = (
				897F63ED25F3064B006B69E8 /* Preview Assets.xcassets */,
			);
			path = "Preview Content";
			sourceTree = "<group>";
		};
		897F63F725F30E3C006B69E8 /* App */ = {
			isa = PBXGroup;
			children = (
				897F63E625F3064A006B69E8 /* FructusApp.swift */,
				897F63E825F3064A006B69E8 /* ContentView.swift */,
				89ABD29225F3381900C6B299 /* OnboardingView.swift */,
			);
			path = App;
			sourceTree = "<group>";
		};
		897F63F925F30E69006B69E8 /* View */ = {
			isa = PBXGroup;
			children = (
				897F63FA25F30EA2006B69E8 /* FruitCardView.swift */,
				89ABD28F25F32DE900C6B299 /* StartButtonView.swift */,
			);
			path = View;
			sourceTree = "<group>";
		};
		89ABD29725F4167700C6B299 /* Model */ = {
			isa = PBXGroup;
			children = (
				89ABD29825F4169100C6B299 /* FruitModel.swift */,
			);
			path = Model;
			sourceTree = "<group>";
		};
		89ABD29C25F417DD00C6B299 /* Data */ = {
			isa = PBXGroup;
			children = (
				89ABD29D25F417FC00C6B299 /* FruitData.swift */,
			);
			path = Data;
			sourceTree = "<group>";
		};
/* End PBXGroup section */

/* Begin PBXNativeTarget section */
		897F63E225F3064A006B69E8 /* Fructus */ = {
			isa = PBXNativeTarget;
			buildConfigurationList = 897F63F225F3064B006B69E8 /* Build configuration list for PBXNativeTarget "Fructus" */;
			buildPhases = (
				897F63DF25F3064A006B69E8 /* Sources */,
				897F63E025F3064A006B69E8 /* Frameworks */,
				897F63E125F3064A006B69E8 /* Resources */,
			);
			buildRules = (
			);
			dependencies = (
			);
			name = Fructus;
			productName = Fructus;
			productReference = 897F63E325F3064A006B69E8 /* Fructus.app */;
			productType = "com.apple.product-type.application";
		};
/* End PBXNativeTarget section */

/* Begin PBXProject section */
		897F63DB25F3064A006B69E8 /* Project object */ = {
			isa = PBXProject;
			attributes = {
				LastSwiftUpdateCheck = 1240;
				LastUpgradeCheck = 1240;
				TargetAttributes = {
					897F63E225F3064A006B69E8 = {
						CreatedOnToolsVersion = 12.4;
					};
				};
			};
			buildConfigurationList = 897F63DE25F3064A006B69E8 /* Build configuration list for PBXProject "Fructus" */;
			compatibilityVersion = "Xcode 9.3";
			developmentRegion = en;
			hasScannedForEncodings = 0;
			knownRegions = (
				en,
				Base,
			);
			mainGroup = 897F63DA25F3064A006B69E8;
			productRefGroup = 897F63E425F3064A006B69E8 /* Products */;
			projectDirPath = "";
			projectRoot = "";
			targets = (
				897F63E225F3064A006B69E8 /* Fructus */,
			);
		};
/* End PBXProject section */

/* Begin PBXResourcesBuildPhase section */
		897F63E125F3064A006B69E8 /* Resources */ = {
			isa = PBXResourcesBuildPhase;
			buildActionMask = 2147483647;
			files = (
				897F63EE25F3064B006B69E8 /* Preview Assets.xcassets in Resources */,
				897F63EB25F3064B006B69E8 /* Assets.xcassets in Resources */,
			);
			runOnlyForDeploymentPostprocessing = 0;
		};
/* End PBXResourcesBuildPhase section */

/* Begin PBXSourcesBuildPhase section */
		897F63DF25F3064A006B69E8 /* Sources */ = {
			isa = PBXSourcesBuildPhase;
			buildActionMask = 2147483647;
			files = (
				89ABD29E25F417FC00C6B299 /* FruitData.swift in Sources */,
				897F63FB25F30EA2006B69E8 /* FruitCardView.swift in Sources */,
				89ABD29025F32DE900C6B299 /* StartButtonView.swift in Sources */,
				89ABD29925F4169100C6B299 /* FruitModel.swift in Sources */,
				897F63E925F3064A006B69E8 /* ContentView.swift in Sources */,
				89ABD29325F3381900C6B299 /* OnboardingView.swift in Sources */,
				897F63E725F3064A006B69E8 /* FructusApp.swift in Sources */,
			);
			runOnlyForDeploymentPostprocessing = 0;
		};
/* End PBXSourcesBuildPhase section */

/* Begin XCBuildConfiguration section */
		897F63F025F3064B006B69E8 /* Debug */ = {
			isa = XCBuildConfiguration;
			buildSettings = {
				ALWAYS_SEARCH_USER_PATHS = NO;
				CLANG_ANALYZER_NONNULL = YES;
				CLANG_ANALYZER_NUMBER_OBJECT_CONVERSION = YES_AGGRESSIVE;
				CLANG_CXX_LANGUAGE_STANDARD = "gnu++14";
				CLANG_CXX_LIBRARY = "libc++";
				CLANG_ENABLE_MODULES = YES;
				CLANG_ENABLE_OBJC_ARC = YES;
				CLANG_ENABLE_OBJC_WEAK = YES;
				CLANG_WARN_BLOCK_CAPTURE_AUTORELEASING = YES;
				CLANG_WARN_BOOL_CONVERSION = YES;
				CLANG_WARN_COMMA = YES;
				CLANG_WARN_CONSTANT_CONVERSION = YES;
				CLANG_WARN_DEPRECATED_OBJC_IMPLEMENTATIONS = YES;
				CLANG_WARN_DIRECT_OBJC_ISA_USAGE = YES_ERROR;
				CLANG_WARN_DOCUMENTATION_COMMENTS = YES;
				CLANG_WARN_EMPTY_BODY = YES;
				CLANG_WARN_ENUM_CONVERSION = YES;
				CLANG_WARN_INFINITE_RECURSION = YES;
				CLANG_WARN_INT_CONVERSION = YES;
				CLANG_WARN_NON_LITERAL_NULL_CONVERSION = YES;
				CLANG_WARN_OBJC_IMPLICIT_RETAIN_SELF = YES;
				CLANG_WARN_OBJC_LITERAL_CONVERSION = YES;
				CLANG_WARN_OBJC_ROOT_CLASS = YES_ERROR;
				CLANG_WARN_QUOTED_INCLUDE_IN_FRAMEWORK_HEADER = YES;
				CLANG_WARN_RANGE_LOOP_ANALYSIS = YES;
				CLANG_WARN_STRICT_PROTOTYPES = YES;
				CLANG_WARN_SUSPICIOUS_MOVE = YES;
				CLANG_WARN_UNGUARDED_AVAILABILITY = YES_AGGRESSIVE;
				CLANG_WARN_UNREACHABLE_CODE = YES;
				CLANG_WARN__DUPLICATE_METHOD_MATCH = YES;
				COPY_PHASE_STRIP = NO;
				DEBUG_INFORMATION_FORMAT = dwarf;
				ENABLE_STRICT_OBJC_MSGSEND = YES;
				ENABLE_TESTABILITY = YES;
				GCC_C_LANGUAGE_STANDARD = gnu11;
				GCC_DYNAMIC_NO_PIC = NO;
				GCC_NO_COMMON_BLOCKS = YES;
				GCC_OPTIMIZATION_LEVEL = 0;
				GCC_PREPROCESSOR_DEFINITIONS = (
					"DEBUG=1",
					"$(inherited)",
				);
				GCC_WARN_64_TO_32_BIT_CONVERSION = YES;
				GCC_WARN_ABOUT_RETURN_TYPE = YES_ERROR;
				GCC_WARN_UNDECLARED_SELECTOR = YES;
				GCC_WARN_UNINITIALIZED_AUTOS = YES_AGGRESSIVE;
				GCC_WARN_UNUSED_FUNCTION = YES;
				GCC_WARN_UNUSED_VARIABLE = YES;
				IPHONEOS_DEPLOYMENT_TARGET = 14.4;
				MTL_ENABLE_DEBUG_INFO = INCLUDE_SOURCE;
				MTL_FAST_MATH = YES;
				ONLY_ACTIVE_ARCH = YES;
				SDKROOT = iphoneos;
				SWIFT_ACTIVE_COMPILATION_CONDITIONS = DEBUG;
				SWIFT_OPTIMIZATION_LEVEL = "-Onone";
			};
			name = Debug;
		};
		897F63F125F3064B006B69E8 /* Release */ = {
			isa = XCBuildConfiguration;
			buildSettings = {
				ALWAYS_SEARCH_USER_PATHS = NO;
				CLANG_ANALYZER_NONNULL = YES;
				CLANG_ANALYZER_NUMBER_OBJECT_CONVERSION = YES_AGGRESSIVE;
				CLANG_CXX_LANGUAGE_STANDARD = "gnu++14";
				CLANG_CXX_LIBRARY = "libc++";
				CLANG_ENABLE_MODULES = YES;
				CLANG_ENABLE_OBJC_ARC = YES;
				CLANG_ENABLE_OBJC_WEAK = YES;
				CLANG_WARN_BLOCK_CAPTURE_AUTORELEASING = YES;
				CLANG_WARN_BOOL_CONVERSION = YES;
				CLANG_WARN_COMMA = YES;
				CLANG_WARN_CONSTANT_CONVERSION = YES;
				CLANG_WARN_DEPRECATED_OBJC_IMPLEMENTATIONS = YES;
				CLANG_WARN_DIRECT_OBJC_ISA_USAGE = YES_ERROR;
				CLANG_WARN_DOCUMENTATION_COMMENTS = YES;
				CLANG_WARN_EMPTY_BODY = YES;
				CLANG_WARN_ENUM_CONVERSION = YES;
				CLANG_WARN_INFINITE_RECURSION = YES;
				CLANG_WARN_INT_CONVERSION = YES;
				CLANG_WARN_NON_LITERAL_NULL_CONVERSION = YES;
				CLANG_WARN_OBJC_IMPLICIT_RETAIN_SELF = YES;
				CLANG_WARN_OBJC_LITERAL_CONVERSION = YES;
				CLANG_WARN_OBJC_ROOT_CLASS = YES_ERROR;
				CLANG_WARN_QUOTED_INCLUDE_IN_FRAMEWORK_HEADER = YES;
				CLANG_WARN_RANGE_LOOP_ANALYSIS = YES;
				CLANG_WARN_STRICT_PROTOTYPES = YES;
				CLANG_WARN_SUSPICIOUS_MOVE = YES;
				CLANG_WARN_UNGUARDED_AVAILABILITY = YES_AGGRESSIVE;
				CLANG_WARN_UNREACHABLE_CODE = YES;
				CLANG_WARN__DUPLICATE_METHOD_MATCH = YES;
				COPY_PHASE_STRIP = NO;
				DEBUG_INFORMATION_FORMAT = "dwarf-with-dsym";
				ENABLE_NS_ASSERTIONS = NO;
				ENABLE_STRICT_OBJC_MSGSEND = YES;
				GCC_C_LANGUAGE_STANDARD = gnu11;
				GCC_NO_COMMON_BLOCKS = YES;
				GCC_WARN_64_TO_32_BIT_CONVERSION = YES;
				GCC_WARN_ABOUT_RETURN_TYPE = YES_ERROR;
				GCC_WARN_UNDECLARED_SELECTOR = YES;
				GCC_WARN_UNINITIALIZED_AUTOS = YES_AGGRESSIVE;
				GCC_WARN_UNUSED_FUNCTION = YES;
				GCC_WARN_UNUSED_VARIABLE = YES;
				IPHONEOS_DEPLOYMENT_TARGET = 14.4;
				MTL_ENABLE_DEBUG_INFO = NO;
				MTL_FAST_MATH = YES;
				SDKROOT = iphoneos;
				SWIFT_COMPILATION_MODE = wholemodule;
				SWIFT_OPTIMIZATION_LEVEL = "-O";
				VALIDATE_PRODUCT = YES;
			};
			name = Release;
		};
		897F63F325F3064B006B69E8 /* Debug */ = {
			isa = XCBuildConfiguration;
			buildSettings = {
				ASSETCATALOG_COMPILER_APPICON_NAME = AppIcon;
				ASSETCATALOG_COMPILER_GLOBAL_ACCENT_COLOR_NAME = AccentColor;
				CODE_SIGN_IDENTITY = "Apple Development";
				CODE_SIGN_STYLE = Automatic;
				DEVELOPMENT_ASSET_PATHS = "\"Fructus/Preview Content\"";
				DEVELOPMENT_TEAM = W647QPZYZR;
				ENABLE_PREVIEWS = YES;
				INFOPLIST_FILE = Fructus/Info.plist;
				IPHONEOS_DEPLOYMENT_TARGET = 14.0;
				LD_RUNPATH_SEARCH_PATHS = (
					"$(inherited)",
					"@executable_path/Frameworks",
				);
				PRODUCT_BUNDLE_IDENTIFIER = com.swiftui.FructusApp;
				PRODUCT_NAME = "$(TARGET_NAME)";
				PROVISIONING_PROFILE_SPECIFIER = "";
				SWIFT_VERSION = 5.0;
				TARGETED_DEVICE_FAMILY = "1,2";
			};
			name = Debug;
		};
		897F63F425F3064B006B69E8 /* Release */ = {
			isa = XCBuildConfiguration;
			buildSettings = {
				ASSETCATALOG_COMPILER_APPICON_NAME = AppIcon;
				ASSETCATALOG_COMPILER_GLOBAL_ACCENT_COLOR_NAME = AccentColor;
				CODE_SIGN_IDENTITY = "Apple Development";
				CODE_SIGN_STYLE = Automatic;
				DEVELOPMENT_ASSET_PATHS = "\"Fructus/Preview Content\"";
				DEVELOPMENT_TEAM = W647QPZYZR;
				ENABLE_PREVIEWS = YES;
				INFOPLIST_FILE = Fructus/Info.plist;
				IPHONEOS_DEPLOYMENT_TARGET = 14.0;
				LD_RUNPATH_SEARCH_PATHS = (
					"$(inherited)",
					"@executable_path/Frameworks",
				);
				PRODUCT_BUNDLE_IDENTIFIER = com.swiftui.FructusApp;
				PRODUCT_NAME = "$(TARGET_NAME)";
				PROVISIONING_PROFILE_SPECIFIER = "";
				SWIFT_VERSION = 5.0;
				TARGETED_DEVICE_FAMILY = "1,2";
			};
			name = Release;
		};
/* End XCBuildConfiguration section */

/* Begin XCConfigurationList section */
		897F63DE25F3064A006B69E8 /* Build configuration list for PBXProject "Fructus" */ = {
			isa = XCConfigurationList;
			buildConfigurations = (
				897F63F025F3064B006B69E8 /* Debug */,
				897F63F125F3064B006B69E8 /* Release */,
			);
			defaultConfigurationIsVisible = 0;
			defaultConfigurationName = Release;
		};
		897F63F225F3064B006B69E8 /* Build configuration list for PBXNativeTarget "Fructus" */ = {
			isa = XCConfigurationList;
			buildConfigurations = (
				897F63F325F3064B006B69E8 /* Debug */,
				897F63F425F3064B006B69E8 /* Release */,
			);
			defaultConfigurationIsVisible = 0;
			defaultConfigurationName = Release;
		};
/* End XCConfigurationList section */
	};
	rootObject = 897F63DB25F3064A006B69E8 /* Project object */;
}
